
Microsoft Visual Studio Solution File, Format Version 12.00
# Visual Studio Version 16
VisualStudioVersion = 16.0.29001.49
MinimumVisualStudioVersion = 10.0.40219.1
Project("{FAE04EC0-301F-11D3-BF4B-00C04F79EFBC}") = "MacAddressTest", "MacAddressTest\MacAddressTest.csproj", "{A330B0A8-CDB4-4C1B-AC82-07CA4B4003B2}"
EndProject
Global
	GlobalSection(SolutionConfigurationPlatforms) = preSolution
		Debug|Any CPU = Debug|Any CPU
		Release|Any CPU = Release|Any CPU
	EndGlobalSection
	GlobalSection(ProjectConfigurationPlatforms) = postSolution
		{A330B0A8-CDB4-4C1B-AC82-07CA4B4003B2}.Debug|Any CPU.ActiveCfg = Debug|Any CPU
		{A330B0A8-CDB4-4C1B-AC82-07CA4B4003B2}.Debug|Any CPU.Build.0 = Debug|Any CPU
		{A330B0A8-CDB4-4C1B-AC82-07CA4B4003B2}.Release|Any CPU.ActiveCfg = Release|Any CPU
		{A330B0A8-CDB4-4C1B-AC82-07CA4B4003B2}.Release|Any CPU.Build.0 = Release|Any CPU
	EndGlobalSection
	GlobalSection(SolutionProperties) = preSolution
		HideSolutionNode = FALSE
	EndGlobalSection
	GlobalSection(ExtensibilityGlobals) = postSolution
		SolutionGuid = {AC596DF4-60D5-4BDE-A496-37D0148382F8}
	EndGlobalSection
EndGlobal
